
Microsoft Visual Studio Solution File, Format Version 12.00
Project("{FAE04EC0-301F-11D3-BF4B-00C04F79EFBC}") = "ejerF", "ejerF\ejerF.csproj", "{933A248B-0ED4-4A77-80B1-23AE6517CC47}"
EndProject
Global
	GlobalSection(SolutionConfigurationPlatforms) = preSolution
		Debug|Any CPU = Debug|Any CPU
		Release|Any CPU = Release|Any CPU
	EndGlobalSection
	GlobalSection(ProjectConfigurationPlatforms) = postSolution
		{933A248B-0ED4-4A77-80B1-23AE6517CC47}.Debug|Any CPU.ActiveCfg = Debug|Any CPU
		{933A248B-0ED4-4A77-80B1-23AE6517CC47}.Debug|Any CPU.Build.0 = Debug|Any CPU
		{933A248B-0ED4-4A77-80B1-23AE6517CC47}.Release|Any CPU.ActiveCfg = Release|Any CPU
		{933A248B-0ED4-4A77-80B1-23AE6517CC47}.Release|Any CPU.Build.0 = Release|Any CPU
	EndGlobalSection
EndGlobal
