
Microsoft Visual Studio Solution File, Format Version 12.00
Project("{FAE04EC0-301F-11D3-BF4B-00C04F79EFBC}") = "ejerD", "ejerD\ejerD.csproj", "{57816F08-AE6F-4B5A-8BA9-5ABB433D29BB}"
EndProject
Global
	GlobalSection(SolutionConfigurationPlatforms) = preSolution
		Debug|Any CPU = Debug|Any CPU
		Release|Any CPU = Release|Any CPU
	EndGlobalSection
	GlobalSection(ProjectConfigurationPlatforms) = postSolution
		{57816F08-AE6F-4B5A-8BA9-5ABB433D29BB}.Debug|Any CPU.ActiveCfg = Debug|Any CPU
		{57816F08-AE6F-4B5A-8BA9-5ABB433D29BB}.Debug|Any CPU.Build.0 = Debug|Any CPU
		{57816F08-AE6F-4B5A-8BA9-5ABB433D29BB}.Release|Any CPU.ActiveCfg = Release|Any CPU
		{57816F08-AE6F-4B5A-8BA9-5ABB433D29BB}.Release|Any CPU.Build.0 = Release|Any CPU
	EndGlobalSection
EndGlobal
