
Microsoft Visual Studio Solution File, Format Version 12.00
Project("{FAE04EC0-301F-11D3-BF4B-00C04F79EFBC}") = "ejerB", "ejerB\ejerB.csproj", "{E6CEA46D-57BF-40C4-9A6D-1E80513D6587}"
EndProject
Global
	GlobalSection(SolutionConfigurationPlatforms) = preSolution
		Debug|Any CPU = Debug|Any CPU
		Release|Any CPU = Release|Any CPU
	EndGlobalSection
	GlobalSection(ProjectConfigurationPlatforms) = postSolution
		{E6CEA46D-57BF-40C4-9A6D-1E80513D6587}.Debug|Any CPU.ActiveCfg = Debug|Any CPU
		{E6CEA46D-57BF-40C4-9A6D-1E80513D6587}.Debug|Any CPU.Build.0 = Debug|Any CPU
		{E6CEA46D-57BF-40C4-9A6D-1E80513D6587}.Release|Any CPU.ActiveCfg = Release|Any CPU
		{E6CEA46D-57BF-40C4-9A6D-1E80513D6587}.Release|Any CPU.Build.0 = Release|Any CPU
	EndGlobalSection
EndGlobal
