
Microsoft Visual Studio Solution File, Format Version 12.00
Project("{FAE04EC0-301F-11D3-BF4B-00C04F79EFBC}") = "EjerC", "EjerC\EjerC.csproj", "{43F82EAD-D875-42E5-9B22-1A82EEF26677}"
EndProject
Global
	GlobalSection(SolutionConfigurationPlatforms) = preSolution
		Debug|Any CPU = Debug|Any CPU
		Release|Any CPU = Release|Any CPU
	EndGlobalSection
	GlobalSection(ProjectConfigurationPlatforms) = postSolution
		{43F82EAD-D875-42E5-9B22-1A82EEF26677}.Debug|Any CPU.ActiveCfg = Debug|Any CPU
		{43F82EAD-D875-42E5-9B22-1A82EEF26677}.Debug|Any CPU.Build.0 = Debug|Any CPU
		{43F82EAD-D875-42E5-9B22-1A82EEF26677}.Release|Any CPU.ActiveCfg = Release|Any CPU
		{43F82EAD-D875-42E5-9B22-1A82EEF26677}.Release|Any CPU.Build.0 = Release|Any CPU
	EndGlobalSection
EndGlobal
