
Microsoft Visual Studio Solution File, Format Version 12.00
Project("{FAE04EC0-301F-11D3-BF4B-00C04F79EFBC}") = "EjerF", "EjerF\EjerF.csproj", "{3C7DEF1C-953B-403D-8DF2-5176B8B3ABE5}"
EndProject
Global
	GlobalSection(SolutionConfigurationPlatforms) = preSolution
		Debug|Any CPU = Debug|Any CPU
		Release|Any CPU = Release|Any CPU
	EndGlobalSection
	GlobalSection(ProjectConfigurationPlatforms) = postSolution
		{3C7DEF1C-953B-403D-8DF2-5176B8B3ABE5}.Debug|Any CPU.ActiveCfg = Debug|Any CPU
		{3C7DEF1C-953B-403D-8DF2-5176B8B3ABE5}.Debug|Any CPU.Build.0 = Debug|Any CPU
		{3C7DEF1C-953B-403D-8DF2-5176B8B3ABE5}.Release|Any CPU.ActiveCfg = Release|Any CPU
		{3C7DEF1C-953B-403D-8DF2-5176B8B3ABE5}.Release|Any CPU.Build.0 = Release|Any CPU
	EndGlobalSection
EndGlobal
